
Microsoft Visual Studio Solution File, Format Version 12.00
# Visual Studio 15
VisualStudioVersion = 15.0.28010.2046
MinimumVisualStudioVersion = 10.0.40219.1
Project("{FAE04EC0-301F-11D3-BF4B-00C04F79EFBC}") = "CocktailApp7.Android", "CocktailApp7\CocktailApp7.Android\CocktailApp7.Android.csproj", "{6085E64F-DEE0-4361-80A3-F03F13ABAC6E}"
EndProject
Project("{FAE04EC0-301F-11D3-BF4B-00C04F79EFBC}") = "CocktailApp7.iOS", "CocktailApp7\CocktailApp7.iOS\CocktailApp7.iOS.csproj", "{6060199D-BAB4-4E20-968A-F7978514DEBF}"
EndProject
Project("{FAE04EC0-301F-11D3-BF4B-00C04F79EFBC}") = "CocktailApp7.UWP", "CocktailApp7\CocktailApp7.UWP\CocktailApp7.UWP.csproj", "{397B27B4-2E54-46E9-A621-B28C428DEC1C}"
EndProject
Project("{FAE04EC0-301F-11D3-BF4B-00C04F79EFBC}") = "CocktailApp7", "CocktailApp7\CocktailApp7\CocktailApp7.csproj", "{3155CC8B-ED16-4FCC-A13F-4163EFC76298}"
EndProject
Global
	GlobalSection(SolutionConfigurationPlatforms) = preSolution
		Ad-Hoc|Any CPU = Ad-Hoc|Any CPU
		Ad-Hoc|ARM = Ad-Hoc|ARM
		Ad-Hoc|iPhone = Ad-Hoc|iPhone
		Ad-Hoc|iPhoneSimulator = Ad-Hoc|iPhoneSimulator
		Ad-Hoc|x64 = Ad-Hoc|x64
		Ad-Hoc|x86 = Ad-Hoc|x86
		AppStore|Any CPU = AppStore|Any CPU
		AppStore|ARM = AppStore|ARM
		AppStore|iPhone = AppStore|iPhone
		AppStore|iPhoneSimulator = AppStore|iPhoneSimulator
		AppStore|x64 = AppStore|x64
		AppStore|x86 = AppStore|x86
		Debug|Any CPU = Debug|Any CPU
		Debug|ARM = Debug|ARM
		Debug|iPhone = Debug|iPhone
		Debug|iPhoneSimulator = Debug|iPhoneSimulator
		Debug|x64 = Debug|x64
		Debug|x86 = Debug|x86
		Release|Any CPU = Release|Any CPU
		Release|ARM = Release|ARM
		Release|iPhone = Release|iPhone
		Release|iPhoneSimulator = Release|iPhoneSimulator
		Release|x64 = Release|x64
		Release|x86 = Release|x86
	EndGlobalSection
	GlobalSection(ProjectConfigurationPlatforms) = postSolution
		{6085E64F-DEE0-4361-80A3-F03F13ABAC6E}.Ad-Hoc|Any CPU.ActiveCfg = Release|Any CPU
		{6085E64F-DEE0-4361-80A3-F03F13ABAC6E}.Ad-Hoc|Any CPU.Build.0 = Release|Any CPU
		{6085E64F-DEE0-4361-80A3-F03F13ABAC6E}.Ad-Hoc|Any CPU.Deploy.0 = Release|Any CPU
		{6085E64F-DEE0-4361-80A3-F03F13ABAC6E}.Ad-Hoc|ARM.ActiveCfg = Release|Any CPU
		{6085E64F-DEE0-4361-80A3-F03F13ABAC6E}.Ad-Hoc|ARM.Build.0 = Release|Any CPU
		{6085E64F-DEE0-4361-80A3-F03F13ABAC6E}.Ad-Hoc|ARM.Deploy.0 = Release|Any CPU
		{6085E64F-DEE0-4361-80A3-F03F13ABAC6E}.Ad-Hoc|iPhone.ActiveCfg = Release|Any CPU
		{6085E64F-DEE0-4361-80A3-F03F13ABAC6E}.Ad-Hoc|iPhone.Build.0 = Release|Any CPU
		{6085E64F-DEE0-4361-80A3-F03F13ABAC6E}.Ad-Hoc|iPhone.Deploy.0 = Release|Any CPU
		{6085E64F-DEE0-4361-80A3-F03F13ABAC6E}.Ad-Hoc|iPhoneSimulator.ActiveCfg = Release|Any CPU
		{6085E64F-DEE0-4361-80A3-F03F13ABAC6E}.Ad-Hoc|iPhoneSimulator.Build.0 = Release|Any CPU
		{6085E64F-DEE0-4361-80A3-F03F13ABAC6E}.Ad-Hoc|iPhoneSimulator.Deploy.0 = Release|Any CPU
		{6085E64F-DEE0-4361-80A3-F03F13ABAC6E}.Ad-Hoc|x64.ActiveCfg = Release|Any CPU
		{6085E64F-DEE0-4361-80A3-F03F13ABAC6E}.Ad-Hoc|x64.Build.0 = Release|Any CPU
		{6085E64F-DEE0-4361-80A3-F03F13ABAC6E}.Ad-Hoc|x64.Deploy.0 = Release|Any CPU
		{6085E64F-DEE0-4361-80A3-F03F13ABAC6E}.Ad-Hoc|x86.ActiveCfg = Release|Any CPU
		{6085E64F-DEE0-4361-80A3-F03F13ABAC6E}.Ad-Hoc|x86.Build.0 = Release|Any CPU
		{6085E64F-DEE0-4361-80A3-F03F13ABAC6E}.Ad-Hoc|x86.Deploy.0 = Release|Any CPU
		{6085E64F-DEE0-4361-80A3-F03F13ABAC6E}.AppStore|Any CPU.ActiveCfg = Release|Any CPU
		{6085E64F-DEE0-4361-80A3-F03F13ABAC6E}.AppStore|Any CPU.Build.0 = Release|Any CPU
		{6085E64F-DEE0-4361-80A3-F03F13ABAC6E}.AppStore|Any CPU.Deploy.0 = Release|Any CPU
		{6085E64F-DEE0-4361-80A3-F03F13ABAC6E}.AppStore|ARM.ActiveCfg = Release|Any CPU
		{6085E64F-DEE0-4361-80A3-F03F13ABAC6E}.AppStore|ARM.Build.0 = Release|Any CPU
		{6085E64F-DEE0-4361-80A3-F03F13ABAC6E}.AppStore|ARM.Deploy.0 = Release|Any CPU
		{6085E64F-DEE0-4361-80A3-F03F13ABAC6E}.AppStore|iPhone.ActiveCfg = Release|Any CPU
		{6085E64F-DEE0-4361-80A3-F03F13ABAC6E}.AppStore|iPhone.Build.0 = Release|Any CPU
		{6085E64F-DEE0-4361-80A3-F03F13ABAC6E}.AppStore|iPhone.Deploy.0 = Release|Any CPU
		{6085E64F-DEE0-4361-80A3-F03F13ABAC6E}.AppStore|iPhoneSimulator.ActiveCfg = Release|Any CPU
		{6085E64F-DEE0-4361-80A3-F03F13ABAC6E}.AppStore|iPhoneSimulator.Build.0 = Release|Any CPU
		{6085E64F-DEE0-4361-80A3-F03F13ABAC6E}.AppStore|iPhoneSimulator.Deploy.0 = Release|Any CPU
		{6085E64F-DEE0-4361-80A3-F03F13ABAC6E}.AppStore|x64.ActiveCfg = Release|Any CPU
		{6085E64F-DEE0-4361-80A3-F03F13ABAC6E}.AppStore|x64.Build.0 = Release|Any CPU
		{6085E64F-DEE0-4361-80A3-F03F13ABAC6E}.AppStore|x64.Deploy.0 = Release|Any CPU
		{6085E64F-DEE0-4361-80A3-F03F13ABAC6E}.AppStore|x86.ActiveCfg = Release|Any CPU
		{6085E64F-DEE0-4361-80A3-F03F13ABAC6E}.AppStore|x86.Build.0 = Release|Any CPU
		{6085E64F-DEE0-4361-80A3-F03F13ABAC6E}.AppStore|x86.Deploy.0 = Release|Any CPU
		{6085E64F-DEE0-4361-80A3-F03F13ABAC6E}.Debug|Any CPU.ActiveCfg = Debug|Any CPU
		{6085E64F-DEE0-4361-80A3-F03F13ABAC6E}.Debug|Any CPU.Build.0 = Debug|Any CPU
		{6085E64F-DEE0-4361-80A3-F03F13ABAC6E}.Debug|Any CPU.Deploy.0 = Debug|Any CPU
		{6085E64F-DEE0-4361-80A3-F03F13ABAC6E}.Debug|ARM.ActiveCfg = Debug|Any CPU
		{6085E64F-DEE0-4361-80A3-F03F13ABAC6E}.Debug|ARM.Build.0 = Debug|Any CPU
		{6085E64F-DEE0-4361-80A3-F03F13ABAC6E}.Debug|ARM.Deploy.0 = Debug|Any CPU
		{6085E64F-DEE0-4361-80A3-F03F13ABAC6E}.Debug|iPhone.ActiveCfg = Debug|Any CPU
		{6085E64F-DEE0-4361-80A3-F03F13ABAC6E}.Debug|iPhone.Build.0 = Debug|Any CPU
		{6085E64F-DEE0-4361-80A3-F03F13ABAC6E}.Debug|iPhone.Deploy.0 = Debug|Any CPU
		{6085E64F-DEE0-4361-80A3-F03F13ABAC6E}.Debug|iPhoneSimulator.ActiveCfg = Debug|Any CPU
		{6085E64F-DEE0-4361-80A3-F03F13ABAC6E}.Debug|iPhoneSimulator.Build.0 = Debug|Any CPU
		{6085E64F-DEE0-4361-80A3-F03F13ABAC6E}.Debug|iPhoneSimulator.Deploy.0 = Debug|Any CPU
		{6085E64F-DEE0-4361-80A3-F03F13ABAC6E}.Debug|x64.ActiveCfg = Debug|Any CPU
		{6085E64F-DEE0-4361-80A3-F03F13ABAC6E}.Debug|x64.Build.0 = Debug|Any CPU
		{6085E64F-DEE0-4361-80A3-F03F13ABAC6E}.Debug|x64.Deploy.0 = Debug|Any CPU
		{6085E64F-DEE0-4361-80A3-F03F13ABAC6E}.Debug|x86.ActiveCfg = Debug|Any CPU
		{6085E64F-DEE0-4361-80A3-F03F13ABAC6E}.Debug|x86.Build.0 = Debug|Any CPU
		{6085E64F-DEE0-4361-80A3-F03F13ABAC6E}.Debug|x86.Deploy.0 = Debug|Any CPU
		{6085E64F-DEE0-4361-80A3-F03F13ABAC6E}.Release|Any CPU.ActiveCfg = Release|Any CPU
		{6085E64F-DEE0-4361-80A3-F03F13ABAC6E}.Release|Any CPU.Build.0 = Release|Any CPU
		{6085E64F-DEE0-4361-80A3-F03F13ABAC6E}.Release|Any CPU.Deploy.0 = Release|Any CPU
		{6085E64F-DEE0-4361-80A3-F03F13ABAC6E}.Release|ARM.ActiveCfg = Release|Any CPU
		{6085E64F-DEE0-4361-80A3-F03F13ABAC6E}.Release|ARM.Build.0 = Release|Any CPU
		{6085E64F-DEE0-4361-80A3-F03F13ABAC6E}.Release|ARM.Deploy.0 = Release|Any CPU
		{6085E64F-DEE0-4361-80A3-F03F13ABAC6E}.Release|iPhone.ActiveCfg = Release|Any CPU
		{6085E64F-DEE0-4361-80A3-F03F13ABAC6E}.Release|iPhone.Build.0 = Release|Any CPU
		{6085E64F-DEE0-4361-80A3-F03F13ABAC6E}.Release|iPhone.Deploy.0 = Release|Any CPU
		{6085E64F-DEE0-4361-80A3-F03F13ABAC6E}.Release|iPhoneSimulator.ActiveCfg = Release|Any CPU
		{6085E64F-DEE0-4361-80A3-F03F13ABAC6E}.Release|iPhoneSimulator.Build.0 = Release|Any CPU
		{6085E64F-DEE0-4361-80A3-F03F13ABAC6E}.Release|iPhoneSimulator.Deploy.0 = Release|Any CPU
		{6085E64F-DEE0-4361-80A3-F03F13ABAC6E}.Release|x64.ActiveCfg = Release|Any CPU
		{6085E64F-DEE0-4361-80A3-F03F13ABAC6E}.Release|x64.Build.0 = Release|Any CPU
		{6085E64F-DEE0-4361-80A3-F03F13ABAC6E}.Release|x64.Deploy.0 = Release|Any CPU
		{6085E64F-DEE0-4361-80A3-F03F13ABAC6E}.Release|x86.ActiveCfg = Release|Any CPU
		{6085E64F-DEE0-4361-80A3-F03F13ABAC6E}.Release|x86.Build.0 = Release|Any CPU
		{6085E64F-DEE0-4361-80A3-F03F13ABAC6E}.Release|x86.Deploy.0 = Release|Any CPU
		{6060199D-BAB4-4E20-968A-F7978514DEBF}.Ad-Hoc|Any CPU.ActiveCfg = Ad-Hoc|iPhone
		{6060199D-BAB4-4E20-968A-F7978514DEBF}.Ad-Hoc|Any CPU.Build.0 = Ad-Hoc|iPhone
		{6060199D-BAB4-4E20-968A-F7978514DEBF}.Ad-Hoc|Any CPU.Deploy.0 = Ad-Hoc|iPhone
		{6060199D-BAB4-4E20-968A-F7978514DEBF}.Ad-Hoc|ARM.ActiveCfg = Ad-Hoc|iPhone
		{6060199D-BAB4-4E20-968A-F7978514DEBF}.Ad-Hoc|ARM.Build.0 = Ad-Hoc|iPhone
		{6060199D-BAB4-4E20-968A-F7978514DEBF}.Ad-Hoc|ARM.Deploy.0 = Ad-Hoc|iPhone
		{6060199D-BAB4-4E20-968A-F7978514DEBF}.Ad-Hoc|iPhone.ActiveCfg = Ad-Hoc|iPhone
		{6060199D-BAB4-4E20-968A-F7978514DEBF}.Ad-Hoc|iPhone.Build.0 = Ad-Hoc|iPhone
		{6060199D-BAB4-4E20-968A-F7978514DEBF}.Ad-Hoc|iPhone.Deploy.0 = Ad-Hoc|iPhone
		{6060199D-BAB4-4E20-968A-F7978514DEBF}.Ad-Hoc|iPhoneSimulator.ActiveCfg = Ad-Hoc|iPhoneSimulator
		{6060199D-BAB4-4E20-968A-F7978514DEBF}.Ad-Hoc|iPhoneSimulator.Build.0 = Ad-Hoc|iPhoneSimulator
		{6060199D-BAB4-4E20-968A-F7978514DEBF}.Ad-Hoc|iPhoneSimulator.Deploy.0 = Ad-Hoc|iPhoneSimulator
		{6060199D-BAB4-4E20-968A-F7978514DEBF}.Ad-Hoc|x64.ActiveCfg = Ad-Hoc|iPhone
		{6060199D-BAB4-4E20-968A-F7978514DEBF}.Ad-Hoc|x64.Build.0 = Ad-Hoc|iPhone
		{6060199D-BAB4-4E20-968A-F7978514DEBF}.Ad-Hoc|x64.Deploy.0 = Ad-Hoc|iPhone
		{6060199D-BAB4-4E20-968A-F7978514DEBF}.Ad-Hoc|x86.ActiveCfg = Ad-Hoc|iPhone
		{6060199D-BAB4-4E20-968A-F7978514DEBF}.Ad-Hoc|x86.Build.0 = Ad-Hoc|iPhone
		{6060199D-BAB4-4E20-968A-F7978514DEBF}.Ad-Hoc|x86.Deploy.0 = Ad-Hoc|iPhone
		{6060199D-BAB4-4E20-968A-F7978514DEBF}.AppStore|Any CPU.ActiveCfg = AppStore|iPhone
		{6060199D-BAB4-4E20-968A-F7978514DEBF}.AppStore|Any CPU.Build.0 = AppStore|iPhone
		{6060199D-BAB4-4E20-968A-F7978514DEBF}.AppStore|Any CPU.Deploy.0 = AppStore|iPhone
		{6060199D-BAB4-4E20-968A-F7978514DEBF}.AppStore|ARM.ActiveCfg = AppStore|iPhone
		{6060199D-BAB4-4E20-968A-F7978514DEBF}.AppStore|ARM.Build.0 = AppStore|iPhone
		{6060199D-BAB4-4E20-968A-F7978514DEBF}.AppStore|ARM.Deploy.0 = AppStore|iPhone
		{6060199D-BAB4-4E20-968A-F7978514DEBF}.AppStore|iPhone.ActiveCfg = AppStore|iPhone
		{6060199D-BAB4-4E20-968A-F7978514DEBF}.AppStore|iPhone.Build.0 = AppStore|iPhone
		{6060199D-BAB4-4E20-968A-F7978514DEBF}.AppStore|iPhone.Deploy.0 = AppStore|iPhone
		{6060199D-BAB4-4E20-968A-F7978514DEBF}.AppStore|iPhoneSimulator.ActiveCfg = AppStore|iPhoneSimulator
		{6060199D-BAB4-4E20-968A-F7978514DEBF}.AppStore|iPhoneSimulator.Build.0 = AppStore|iPhoneSimulator
		{6060199D-BAB4-4E20-968A-F7978514DEBF}.AppStore|iPhoneSimulator.Deploy.0 = AppStore|iPhoneSimulator
		{6060199D-BAB4-4E20-968A-F7978514DEBF}.AppStore|x64.ActiveCfg = AppStore|iPhone
		{6060199D-BAB4-4E20-968A-F7978514DEBF}.AppStore|x64.Build.0 = AppStore|iPhone
		{6060199D-BAB4-4E20-968A-F7978514DEBF}.AppStore|x64.Deploy.0 = AppStore|iPhone
		{6060199D-BAB4-4E20-968A-F7978514DEBF}.AppStore|x86.ActiveCfg = AppStore|iPhone
		{6060199D-BAB4-4E20-968A-F7978514DEBF}.AppStore|x86.Build.0 = AppStore|iPhone
		{6060199D-BAB4-4E20-968A-F7978514DEBF}.AppStore|x86.Deploy.0 = AppStore|iPhone
		{6060199D-BAB4-4E20-968A-F7978514DEBF}.Debug|Any CPU.ActiveCfg = Debug|iPhoneSimulator
		{6060199D-BAB4-4E20-968A-F7978514DEBF}.Debug|Any CPU.Build.0 = Debug|iPhoneSimulator
		{6060199D-BAB4-4E20-968A-F7978514DEBF}.Debug|Any CPU.Deploy.0 = Debug|iPhoneSimulator
		{6060199D-BAB4-4E20-968A-F7978514DEBF}.Debug|ARM.ActiveCfg = Debug|iPhone
		{6060199D-BAB4-4E20-968A-F7978514DEBF}.Debug|ARM.Build.0 = Debug|iPhone
		{6060199D-BAB4-4E20-968A-F7978514DEBF}.Debug|ARM.Deploy.0 = Debug|iPhone
		{6060199D-BAB4-4E20-968A-F7978514DEBF}.Debug|iPhone.ActiveCfg = Debug|iPhone
		{6060199D-BAB4-4E20-968A-F7978514DEBF}.Debug|iPhone.Build.0 = Debug|iPhone
		{6060199D-BAB4-4E20-968A-F7978514DEBF}.Debug|iPhone.Deploy.0 = Debug|iPhone
		{6060199D-BAB4-4E20-968A-F7978514DEBF}.Debug|iPhoneSimulator.ActiveCfg = Debug|iPhoneSimulator
		{6060199D-BAB4-4E20-968A-F7978514DEBF}.Debug|iPhoneSimulator.Build.0 = Debug|iPhoneSimulator
		{6060199D-BAB4-4E20-968A-F7978514DEBF}.Debug|iPhoneSimulator.Deploy.0 = Debug|iPhoneSimulator
		{6060199D-BAB4-4E20-968A-F7978514DEBF}.Debug|x64.ActiveCfg = Debug|iPhone
		{6060199D-BAB4-4E20-968A-F7978514DEBF}.Debug|x64.Build.0 = Debug|iPhone
		{6060199D-BAB4-4E20-968A-F7978514DEBF}.Debug|x64.Deploy.0 = Debug|iPhone
		{6060199D-BAB4-4E20-968A-F7978514DEBF}.Debug|x86.ActiveCfg = Debug|iPhone
		{6060199D-BAB4-4E20-968A-F7978514DEBF}.Debug|x86.Build.0 = Debug|iPhone
		{6060199D-BAB4-4E20-968A-F7978514DEBF}.Debug|x86.Deploy.0 = Debug|iPhone
		{6060199D-BAB4-4E20-968A-F7978514DEBF}.Release|Any CPU.ActiveCfg = Release|iPhone
		{6060199D-BAB4-4E20-968A-F7978514DEBF}.Release|Any CPU.Build.0 = Release|iPhone
		{6060199D-BAB4-4E20-968A-F7978514DEBF}.Release|Any CPU.Deploy.0 = Release|iPhone
		{6060199D-BAB4-4E20-968A-F7978514DEBF}.Release|ARM.ActiveCfg = Release|iPhone
		{6060199D-BAB4-4E20-968A-F7978514DEBF}.Release|ARM.Build.0 = Release|iPhone
		{6060199D-BAB4-4E20-968A-F7978514DEBF}.Release|ARM.Deploy.0 = Release|iPhone
		{6060199D-BAB4-4E20-968A-F7978514DEBF}.Release|iPhone.ActiveCfg = Release|iPhone
		{6060199D-BAB4-4E20-968A-F7978514DEBF}.Release|iPhone.Build.0 = Release|iPhone
		{6060199D-BAB4-4E20-968A-F7978514DEBF}.Release|iPhone.Deploy.0 = Release|iPhone
		{6060199D-BAB4-4E20-968A-F7978514DEBF}.Release|iPhoneSimulator.ActiveCfg = Release|iPhoneSimulator
		{6060199D-BAB4-4E20-968A-F7978514DEBF}.Release|iPhoneSimulator.Build.0 = Release|iPhoneSimulator
		{6060199D-BAB4-4E20-968A-F7978514DEBF}.Release|iPhoneSimulator.Deploy.0 = Release|iPhoneSimulator
		{6060199D-BAB4-4E20-968A-F7978514DEBF}.Release|x64.ActiveCfg = Release|iPhone
		{6060199D-BAB4-4E20-968A-F7978514DEBF}.Release|x64.Build.0 = Release|iPhone
		{6060199D-BAB4-4E20-968A-F7978514DEBF}.Release|x64.Deploy.0 = Release|iPhone
		{6060199D-BAB4-4E20-968A-F7978514DEBF}.Release|x86.ActiveCfg = Release|iPhone
		{6060199D-BAB4-4E20-968A-F7978514DEBF}.Release|x86.Build.0 = Release|iPhone
		{6060199D-BAB4-4E20-968A-F7978514DEBF}.Release|x86.Deploy.0 = Release|iPhone
		{397B27B4-2E54-46E9-A621-B28C428DEC1C}.Ad-Hoc|Any CPU.ActiveCfg = Release|x86
		{397B27B4-2E54-46E9-A621-B28C428DEC1C}.Ad-Hoc|Any CPU.Build.0 = Release|x86
		{397B27B4-2E54-46E9-A621-B28C428DEC1C}.Ad-Hoc|Any CPU.Deploy.0 = Release|x86
		{397B27B4-2E54-46E9-A621-B28C428DEC1C}.Ad-Hoc|ARM.ActiveCfg = Release|ARM
		{397B27B4-2E54-46E9-A621-B28C428DEC1C}.Ad-Hoc|ARM.Build.0 = Release|ARM
		{397B27B4-2E54-46E9-A621-B28C428DEC1C}.Ad-Hoc|ARM.Deploy.0 = Release|ARM
		{397B27B4-2E54-46E9-A621-B28C428DEC1C}.Ad-Hoc|iPhone.ActiveCfg = Release|x86
		{397B27B4-2E54-46E9-A621-B28C428DEC1C}.Ad-Hoc|iPhone.Build.0 = Release|x86
		{397B27B4-2E54-46E9-A621-B28C428DEC1C}.Ad-Hoc|iPhone.Deploy.0 = Release|x86
		{397B27B4-2E54-46E9-A621-B28C428DEC1C}.Ad-Hoc|iPhoneSimulator.ActiveCfg = Release|x86
		{397B27B4-2E54-46E9-A621-B28C428DEC1C}.Ad-Hoc|iPhoneSimulator.Build.0 = Release|x86
		{397B27B4-2E54-46E9-A621-B28C428DEC1C}.Ad-Hoc|iPhoneSimulator.Deploy.0 = Release|x86
		{397B27B4-2E54-46E9-A621-B28C428DEC1C}.Ad-Hoc|x64.ActiveCfg = Release|x64
		{397B27B4-2E54-46E9-A621-B28C428DEC1C}.Ad-Hoc|x64.Build.0 = Release|x64
		{397B27B4-2E54-46E9-A621-B28C428DEC1C}.Ad-Hoc|x64.Deploy.0 = Release|x64
		{397B27B4-2E54-46E9-A621-B28C428DEC1C}.Ad-Hoc|x86.ActiveCfg = Release|x86
		{397B27B4-2E54-46E9-A621-B28C428DEC1C}.Ad-Hoc|x86.Build.0 = Release|x86
		{397B27B4-2E54-46E9-A621-B28C428DEC1C}.Ad-Hoc|x86.Deploy.0 = Release|x86
		{397B27B4-2E54-46E9-A621-B28C428DEC1C}.AppStore|Any CPU.ActiveCfg = Release|x86
		{397B27B4-2E54-46E9-A621-B28C428DEC1C}.AppStore|Any CPU.Build.0 = Release|x86
		{397B27B4-2E54-46E9-A621-B28C428DEC1C}.AppStore|Any CPU.Deploy.0 = Release|x86
		{397B27B4-2E54-46E9-A621-B28C428DEC1C}.AppStore|ARM.ActiveCfg = Release|ARM
		{397B27B4-2E54-46E9-A621-B28C428DEC1C}.AppStore|ARM.Build.0 = Release|ARM
		{397B27B4-2E54-46E9-A621-B28C428DEC1C}.AppStore|ARM.Deploy.0 = Release|ARM
		{397B27B4-2E54-46E9-A621-B28C428DEC1C}.AppStore|iPhone.ActiveCfg = Release|x86
		{397B27B4-2E54-46E9-A621-B28C428DEC1C}.AppStore|iPhone.Build.0 = Release|x86
		{397B27B4-2E54-46E9-A621-B28C428DEC1C}.AppStore|iPhone.Deploy.0 = Release|x86
		{397B27B4-2E54-46E9-A621-B28C428DEC1C}.AppStore|iPhoneSimulator.ActiveCfg = Release|x86
		{397B27B4-2E54-46E9-A621-B28C428DEC1C}.AppStore|iPhoneSimulator.Build.0 = Release|x86
		{397B27B4-2E54-46E9-A621-B28C428DEC1C}.AppStore|iPhoneSimulator.Deploy.0 = Release|x86
		{397B27B4-2E54-46E9-A621-B28C428DEC1C}.AppStore|x64.ActiveCfg = Release|x64
		{397B27B4-2E54-46E9-A621-B28C428DEC1C}.AppStore|x64.Build.0 = Release|x64
		{397B27B4-2E54-46E9-A621-B28C428DEC1C}.AppStore|x64.Deploy.0 = Release|x64
		{397B27B4-2E54-46E9-A621-B28C428DEC1C}.AppStore|x86.ActiveCfg = Release|x86
		{397B27B4-2E54-46E9-A621-B28C428DEC1C}.AppStore|x86.Build.0 = Release|x86
		{397B27B4-2E54-46E9-A621-B28C428DEC1C}.AppStore|x86.Deploy.0 = Release|x86
		{397B27B4-2E54-46E9-A621-B28C428DEC1C}.Debug|Any CPU.ActiveCfg = Debug|x86
		{397B27B4-2E54-46E9-A621-B28C428DEC1C}.Debug|Any CPU.Build.0 = Debug|x86
		{397B27B4-2E54-46E9-A621-B28C428DEC1C}.Debug|Any CPU.Deploy.0 = Debug|x86
		{397B27B4-2E54-46E9-A621-B28C428DEC1C}.Debug|ARM.ActiveCfg = Debug|ARM
		{397B27B4-2E54-46E9-A621-B28C428DEC1C}.Debug|ARM.Build.0 = Debug|ARM
		{397B27B4-2E54-46E9-A621-B28C428DEC1C}.Debug|ARM.Deploy.0 = Debug|ARM
		{397B27B4-2E54-46E9-A621-B28C428DEC1C}.Debug|iPhone.ActiveCfg = Debug|x86
		{397B27B4-2E54-46E9-A621-B28C428DEC1C}.Debug|iPhone.Build.0 = Debug|x86
		{397B27B4-2E54-46E9-A621-B28C428DEC1C}.Debug|iPhone.Deploy.0 = Debug|x86
		{397B27B4-2E54-46E9-A621-B28C428DEC1C}.Debug|iPhoneSimulator.ActiveCfg = Debug|x86
		{397B27B4-2E54-46E9-A621-B28C428DEC1C}.Debug|iPhoneSimulator.Build.0 = Debug|x86
		{397B27B4-2E54-46E9-A621-B28C428DEC1C}.Debug|iPhoneSimulator.Deploy.0 = Debug|x86
		{397B27B4-2E54-46E9-A621-B28C428DEC1C}.Debug|x64.ActiveCfg = Debug|x64
		{397B27B4-2E54-46E9-A621-B28C428DEC1C}.Debug|x64.Build.0 = Debug|x64
		{397B27B4-2E54-46E9-A621-B28C428DEC1C}.Debug|x64.Deploy.0 = Debug|x64
		{397B27B4-2E54-46E9-A621-B28C428DEC1C}.Debug|x86.ActiveCfg = Debug|x86
		{397B27B4-2E54-46E9-A621-B28C428DEC1C}.Debug|x86.Build.0 = Debug|x86
		{397B27B4-2E54-46E9-A621-B28C428DEC1C}.Debug|x86.Deploy.0 = Debug|x86
		{397B27B4-2E54-46E9-A621-B28C428DEC1C}.Release|Any CPU.ActiveCfg = Release|x86
		{397B27B4-2E54-46E9-A621-B28C428DEC1C}.Release|Any CPU.Build.0 = Release|x86
		{397B27B4-2E54-46E9-A621-B28C428DEC1C}.Release|Any CPU.Deploy.0 = Release|x86
		{397B27B4-2E54-46E9-A621-B28C428DEC1C}.Release|ARM.ActiveCfg = Release|ARM
		{397B27B4-2E54-46E9-A621-B28C428DEC1C}.Release|ARM.Build.0 = Release|ARM
		{397B27B4-2E54-46E9-A621-B28C428DEC1C}.Release|ARM.Deploy.0 = Release|ARM
		{397B27B4-2E54-46E9-A621-B28C428DEC1C}.Release|iPhone.ActiveCfg = Release|x86
		{397B27B4-2E54-46E9-A621-B28C428DEC1C}.Release|iPhone.Build.0 = Release|x86
		{397B27B4-2E54-46E9-A621-B28C428DEC1C}.Release|iPhone.Deploy.0 = Release|x86
		{397B27B4-2E54-46E9-A621-B28C428DEC1C}.Release|iPhoneSimulator.ActiveCfg = Release|x86
		{397B27B4-2E54-46E9-A621-B28C428DEC1C}.Release|iPhoneSimulator.Build.0 = Release|x86
		{397B27B4-2E54-46E9-A621-B28C428DEC1C}.Release|iPhoneSimulator.Deploy.0 = Release|x86
		{397B27B4-2E54-46E9-A621-B28C428DEC1C}.Release|x64.ActiveCfg = Release|x64
		{397B27B4-2E54-46E9-A621-B28C428DEC1C}.Release|x64.Build.0 = Release|x64
		{397B27B4-2E54-46E9-A621-B28C428DEC1C}.Release|x64.Deploy.0 = Release|x64
		{397B27B4-2E54-46E9-A621-B28C428DEC1C}.Release|x86.ActiveCfg = Release|x86
		{397B27B4-2E54-46E9-A621-B28C428DEC1C}.Release|x86.Build.0 = Release|x86
		{397B27B4-2E54-46E9-A621-B28C428DEC1C}.Release|x86.Deploy.0 = Release|x86
		{3155CC8B-ED16-4FCC-A13F-4163EFC76298}.Ad-Hoc|Any CPU.ActiveCfg = Debug|Any CPU
		{3155CC8B-ED16-4FCC-A13F-4163EFC76298}.Ad-Hoc|Any CPU.Build.0 = Debug|Any CPU
		{3155CC8B-ED16-4FCC-A13F-4163EFC76298}.Ad-Hoc|Any CPU.Deploy.0 = Debug|Any CPU
		{3155CC8B-ED16-4FCC-A13F-4163EFC76298}.Ad-Hoc|ARM.ActiveCfg = Debug|Any CPU
		{3155CC8B-ED16-4FCC-A13F-4163EFC76298}.Ad-Hoc|ARM.Build.0 = Debug|Any CPU
		{3155CC8B-ED16-4FCC-A13F-4163EFC76298}.Ad-Hoc|ARM.Deploy.0 = Debug|Any CPU
		{3155CC8B-ED16-4FCC-A13F-4163EFC76298}.Ad-Hoc|iPhone.ActiveCfg = Debug|Any CPU
		{3155CC8B-ED16-4FCC-A13F-4163EFC76298}.Ad-Hoc|iPhone.Build.0 = Debug|Any CPU
		{3155CC8B-ED16-4FCC-A13F-4163EFC76298}.Ad-Hoc|iPhone.Deploy.0 = Debug|Any CPU
		{3155CC8B-ED16-4FCC-A13F-4163EFC76298}.Ad-Hoc|iPhoneSimulator.ActiveCfg = Debug|Any CPU
		{3155CC8B-ED16-4FCC-A13F-4163EFC76298}.Ad-Hoc|iPhoneSimulator.Build.0 = Debug|Any CPU
		{3155CC8B-ED16-4FCC-A13F-4163EFC76298}.Ad-Hoc|iPhoneSimulator.Deploy.0 = Debug|Any CPU
		{3155CC8B-ED16-4FCC-A13F-4163EFC76298}.Ad-Hoc|x64.ActiveCfg = Debug|Any CPU
		{3155CC8B-ED16-4FCC-A13F-4163EFC76298}.Ad-Hoc|x64.Build.0 = Debug|Any CPU
		{3155CC8B-ED16-4FCC-A13F-4163EFC76298}.Ad-Hoc|x64.Deploy.0 = Debug|Any CPU
		{3155CC8B-ED16-4FCC-A13F-4163EFC76298}.Ad-Hoc|x86.ActiveCfg = Debug|Any CPU
		{3155CC8B-ED16-4FCC-A13F-4163EFC76298}.Ad-Hoc|x86.Build.0 = Debug|Any CPU
		{3155CC8B-ED16-4FCC-A13F-4163EFC76298}.Ad-Hoc|x86.Deploy.0 = Debug|Any CPU
		{3155CC8B-ED16-4FCC-A13F-4163EFC76298}.AppStore|Any CPU.ActiveCfg = Debug|Any CPU
		{3155CC8B-ED16-4FCC-A13F-4163EFC76298}.AppStore|Any CPU.Build.0 = Debug|Any CPU
		{3155CC8B-ED16-4FCC-A13F-4163EFC76298}.AppStore|Any CPU.Deploy.0 = Debug|Any CPU
		{3155CC8B-ED16-4FCC-A13F-4163EFC76298}.AppStore|ARM.ActiveCfg = Debug|Any CPU
		{3155CC8B-ED16-4FCC-A13F-4163EFC76298}.AppStore|ARM.Build.0 = Debug|Any CPU
		{3155CC8B-ED16-4FCC-A13F-4163EFC76298}.AppStore|ARM.Deploy.0 = Debug|Any CPU
		{3155CC8B-ED16-4FCC-A13F-4163EFC76298}.AppStore|iPhone.ActiveCfg = Debug|Any CPU
		{3155CC8B-ED16-4FCC-A13F-4163EFC76298}.AppStore|iPhone.Build.0 = Debug|Any CPU
		{3155CC8B-ED16-4FCC-A13F-4163EFC76298}.AppStore|iPhone.Deploy.0 = Debug|Any CPU
		{3155CC8B-ED16-4FCC-A13F-4163EFC76298}.AppStore|iPhoneSimulator.ActiveCfg = Debug|Any CPU
		{3155CC8B-ED16-4FCC-A13F-4163EFC76298}.AppStore|iPhoneSimulator.Build.0 = Debug|Any CPU
		{3155CC8B-ED16-4FCC-A13F-4163EFC76298}.AppStore|iPhoneSimulator.Deploy.0 = Debug|Any CPU
		{3155CC8B-ED16-4FCC-A13F-4163EFC76298}.AppStore|x64.ActiveCfg = Debug|Any CPU
		{3155CC8B-ED16-4FCC-A13F-4163EFC76298}.AppStore|x64.Build.0 = Debug|Any CPU
		{3155CC8B-ED16-4FCC-A13F-4163EFC76298}.AppStore|x64.Deploy.0 = Debug|Any CPU
		{3155CC8B-ED16-4FCC-A13F-4163EFC76298}.AppStore|x86.ActiveCfg = Debug|Any CPU
		{3155CC8B-ED16-4FCC-A13F-4163EFC76298}.AppStore|x86.Build.0 = Debug|Any CPU
		{3155CC8B-ED16-4FCC-A13F-4163EFC76298}.AppStore|x86.Deploy.0 = Debug|Any CPU
		{3155CC8B-ED16-4FCC-A13F-4163EFC76298}.Debug|Any CPU.ActiveCfg = Debug|Any CPU
		{3155CC8B-ED16-4FCC-A13F-4163EFC76298}.Debug|Any CPU.Build.0 = Debug|Any CPU
		{3155CC8B-ED16-4FCC-A13F-4163EFC76298}.Debug|Any CPU.Deploy.0 = Debug|Any CPU
		{3155CC8B-ED16-4FCC-A13F-4163EFC76298}.Debug|ARM.ActiveCfg = Debug|Any CPU
		{3155CC8B-ED16-4FCC-A13F-4163EFC76298}.Debug|ARM.Build.0 = Debug|Any CPU
		{3155CC8B-ED16-4FCC-A13F-4163EFC76298}.Debug|ARM.Deploy.0 = Debug|Any CPU
		{3155CC8B-ED16-4FCC-A13F-4163EFC76298}.Debug|iPhone.ActiveCfg = Debug|Any CPU
		{3155CC8B-ED16-4FCC-A13F-4163EFC76298}.Debug|iPhone.Build.0 = Debug|Any CPU
		{3155CC8B-ED16-4FCC-A13F-4163EFC76298}.Debug|iPhone.Deploy.0 = Debug|Any CPU
		{3155CC8B-ED16-4FCC-A13F-4163EFC76298}.Debug|iPhoneSimulator.ActiveCfg = Debug|Any CPU
		{3155CC8B-ED16-4FCC-A13F-4163EFC76298}.Debug|iPhoneSimulator.Build.0 = Debug|Any CPU
		{3155CC8B-ED16-4FCC-A13F-4163EFC76298}.Debug|iPhoneSimulator.Deploy.0 = Debug|Any CPU
		{3155CC8B-ED16-4FCC-A13F-4163EFC76298}.Debug|x64.ActiveCfg = Debug|Any CPU
		{3155CC8B-ED16-4FCC-A13F-4163EFC76298}.Debug|x64.Build.0 = Debug|Any CPU
		{3155CC8B-ED16-4FCC-A13F-4163EFC76298}.Debug|x64.Deploy.0 = Debug|Any CPU
		{3155CC8B-ED16-4FCC-A13F-4163EFC76298}.Debug|x86.ActiveCfg = Debug|Any CPU
		{3155CC8B-ED16-4FCC-A13F-4163EFC76298}.Debug|x86.Build.0 = Debug|Any CPU
		{3155CC8B-ED16-4FCC-A13F-4163EFC76298}.Debug|x86.Deploy.0 = Debug|Any CPU
		{3155CC8B-ED16-4FCC-A13F-4163EFC76298}.Release|Any CPU.ActiveCfg = Release|Any CPU
		{3155CC8B-ED16-4FCC-A13F-4163EFC76298}.Release|Any CPU.Build.0 = Release|Any CPU
		{3155CC8B-ED16-4FCC-A13F-4163EFC76298}.Release|Any CPU.Deploy.0 = Release|Any CPU
		{3155CC8B-ED16-4FCC-A13F-4163EFC76298}.Release|ARM.ActiveCfg = Release|Any CPU
		{3155CC8B-ED16-4FCC-A13F-4163EFC76298}.Release|ARM.Build.0 = Release|Any CPU
		{3155CC8B-ED16-4FCC-A13F-4163EFC76298}.Release|ARM.Deploy.0 = Release|Any CPU
		{3155CC8B-ED16-4FCC-A13F-4163EFC76298}.Release|iPhone.ActiveCfg = Release|Any CPU
		{3155CC8B-ED16-4FCC-A13F-4163EFC76298}.Release|iPhone.Build.0 = Release|Any CPU
		{3155CC8B-ED16-4FCC-A13F-4163EFC76298}.Release|iPhone.Deploy.0 = Release|Any CPU
		{3155CC8B-ED16-4FCC-A13F-4163EFC76298}.Release|iPhoneSimulator.ActiveCfg = Release|Any CPU
		{3155CC8B-ED16-4FCC-A13F-4163EFC76298}.Release|iPhoneSimulator.Build.0 = Release|Any CPU
		{3155CC8B-ED16-4FCC-A13F-4163EFC76298}.Release|iPhoneSimulator.Deploy.0 = Release|Any CPU
		{3155CC8B-ED16-4FCC-A13F-4163EFC76298}.Release|x64.ActiveCfg = Release|Any CPU
		{3155CC8B-ED16-4FCC-A13F-4163EFC76298}.Release|x64.Build.0 = Release|Any CPU
		{3155CC8B-ED16-4FCC-A13F-4163EFC76298}.Release|x64.Deploy.0 = Release|Any CPU
		{3155CC8B-ED16-4FCC-A13F-4163EFC76298}.Release|x86.ActiveCfg = Release|Any CPU
		{3155CC8B-ED16-4FCC-A13F-4163EFC76298}.Release|x86.Build.0 = Release|Any CPU
		{3155CC8B-ED16-4FCC-A13F-4163EFC76298}.Release|x86.Deploy.0 = Release|Any CPU
	EndGlobalSection
	GlobalSection(SolutionProperties) = preSolution
		HideSolutionNode = FALSE
	EndGlobalSection
	GlobalSection(ExtensibilityGlobals) = postSolution
		SolutionGuid = {EC7F75B5-3191-475F-A0DB-AF5EA5B31E0F}
	EndGlobalSection
EndGlobal
